
Microsoft Visual Studio Solution File, Format Version 12.00
# Visual Studio Version 16
VisualStudioVersion = 16.0.30717.126
MinimumVisualStudioVersion = 10.0.40219.1
Project("{9A19103F-16F7-4668-BE54-9A1E7A4F7556}") = "PE", "PE\PE.csproj", "{64B54787-7063-4B86-B60C-B29F8FFD1C23}"
EndProject
Global
	GlobalSection(SolutionConfigurationPlatforms) = preSolution
		Debug|Any CPU = Debug|Any CPU
		Release|Any CPU = Release|Any CPU
	EndGlobalSection
	GlobalSection(ProjectConfigurationPlatforms) = postSolution
		{64B54787-7063-4B86-B60C-B29F8FFD1C23}.Debug|Any CPU.ActiveCfg = Debug|Any CPU
		{64B54787-7063-4B86-B60C-B29F8FFD1C23}.Debug|Any CPU.Build.0 = Debug|Any CPU
		{64B54787-7063-4B86-B60C-B29F8FFD1C23}.Release|Any CPU.ActiveCfg = Release|Any CPU
		{64B54787-7063-4B86-B60C-B29F8FFD1C23}.Release|Any CPU.Build.0 = Release|Any CPU
	EndGlobalSection
	GlobalSection(SolutionProperties) = preSolution
		HideSolutionNode = FALSE
	EndGlobalSection
	GlobalSection(ExtensibilityGlobals) = postSolution
		SolutionGuid = {6BC453A8-949A-457E-990C-BCF4E0E1A690}
	EndGlobalSection
EndGlobal
